
Microsoft Visual Studio Solution File, Format Version 12.00
# Visual Studio Version 16
VisualStudioVersion = 16.0.31205.134
MinimumVisualStudioVersion = 10.0.40219.1
Project("{FAE04EC0-301F-11D3-BF4B-00C04F79EFBC}") = "HogwartsPotions", "HogwartsPotions.csproj", "{041C6BB6-270F-48C0-8380-B9267D432B29}"
EndProject
Global
	GlobalSection(SolutionConfigurationPlatforms) = preSolution
		Debug|Any CPU = Debug|Any CPU
		Release|Any CPU = Release|Any CPU
	EndGlobalSection
	GlobalSection(ProjectConfigurationPlatforms) = postSolution
		{041C6BB6-270F-48C0-8380-B9267D432B29}.Debug|Any CPU.ActiveCfg = Debug|Any CPU
		{041C6BB6-270F-48C0-8380-B9267D432B29}.Debug|Any CPU.Build.0 = Debug|Any CPU
		{041C6BB6-270F-48C0-8380-B9267D432B29}.Release|Any CPU.ActiveCfg = Release|Any CPU
		{041C6BB6-270F-48C0-8380-B9267D432B29}.Release|Any CPU.Build.0 = Release|Any CPU
	EndGlobalSection
	GlobalSection(SolutionProperties) = preSolution
		HideSolutionNode = FALSE
	EndGlobalSection
	GlobalSection(ExtensibilityGlobals) = postSolution
		SolutionGuid = {06FD3AC4-C93D-45C9-ACE2-9F509D4ED0E2}
	EndGlobalSection
EndGlobal
